// !$*UTF8*$!
{
	archiveVersion = 1;
	classes = {
	};
	objectVersion = 46;
	objects = {

/* Begin PBXBuildFile section */
		AF184EED1BD2B134001F0694 /* UICollectionViewDynamicLayout.m in Sources */ = {isa = PBXBuildFile; fileRef = AF184EEC1BD2B134001F0694 /* UICollectionViewDynamicLayout.m */; settings = {ASSET_TAGS = (); }; };
		AF4D490B1BBA559D0083B428 /* UISnapBehaviorViewController.m in Sources */ = {isa = PBXBuildFile; fileRef = AF4D490A1BBA559D0083B428 /* UISnapBehaviorViewController.m */; settings = {ASSET_TAGS = (); }; };
		AF4D490E1BBA5F400083B428 /* UIPushBehaviorViewController.m in Sources */ = {isa = PBXBuildFile; fileRef = AF4D490D1BBA5F400083B428 /* UIPushBehaviorViewController.m */; settings = {ASSET_TAGS = (); }; };
		AF4D49111BBA65030083B428 /* UIDynamicItemBehaviorViewController.m in Sources */ = {isa = PBXBuildFile; fileRef = AF4D49101BBA65030083B428 /* UIDynamicItemBehaviorViewController.m */; settings = {ASSET_TAGS = (); }; };
		AF4D49141BBA91A30083B428 /* UIPendulumViewController.m in Sources */ = {isa = PBXBuildFile; fileRef = AF4D49131BBA91A30083B428 /* UIPendulumViewController.m */; settings = {ASSET_TAGS = (); }; };
		AF4D491A1BBB99750083B428 /* UIPhotoWallViewController.m in Sources */ = {isa = PBXBuildFile; fileRef = AF4D49191BBB99750083B428 /* UIPhotoWallViewController.m */; settings = {ASSET_TAGS = (); }; };
		AF4D491D1BBB9B060083B428 /* UITransformViewController.m in Sources */ = {isa = PBXBuildFile; fileRef = AF4D491C1BBB9B060083B428 /* UITransformViewController.m */; settings = {ASSET_TAGS = (); }; };
		AF4D49201BBB9B1E0083B428 /* UIAlertViewController.m in Sources */ = {isa = PBXBuildFile; fileRef = AF4D491F1BBB9B1E0083B428 /* UIAlertViewController.m */; settings = {ASSET_TAGS = (); }; };
		AFA2EBAB1BB2964100450835 /* main.m in Sources */ = {isa = PBXBuildFile; fileRef = AFA2EBAA1BB2964100450835 /* main.m */; };
		AFA2EBAE1BB2964100450835 /* AppDelegate.m in Sources */ = {isa = PBXBuildFile; fileRef = AFA2EBAD1BB2964100450835 /* AppDelegate.m */; };
		AFA2EBB11BB2964100450835 /* ViewController.m in Sources */ = {isa = PBXBuildFile; fileRef = AFA2EBB01BB2964100450835 /* ViewController.m */; };
		AFA2EBB61BB2964100450835 /* Assets.xcassets in Resources */ = {isa = PBXBuildFile; fileRef = AFA2EBB51BB2964100450835 /* Assets.xcassets */; };
		AFA2EBC41BB2964100450835 /* UIKit_DynamicsTests.m in Sources */ = {isa = PBXBuildFile; fileRef = AFA2EBC31BB2964100450835 /* UIKit_DynamicsTests.m */; };
		AFA2EBCF1BB2964100450835 /* UIKit_DynamicsUITests.m in Sources */ = {isa = PBXBuildFile; fileRef = AFA2EBCE1BB2964100450835 /* UIKit_DynamicsUITests.m */; };
		AFA2EBDF1BB29B0B00450835 /* UIGravityBehaviorViewController.m in Sources */ = {isa = PBXBuildFile; fileRef = AFA2EBDE1BB29B0B00450835 /* UIGravityBehaviorViewController.m */; settings = {ASSET_TAGS = (); }; };
		AFA2EBFF1BB2A0E700450835 /* UICollisionBehaviorViewController.m in Sources */ = {isa = PBXBuildFile; fileRef = AFA2EBFE1BB2A0E700450835 /* UICollisionBehaviorViewController.m */; settings = {ASSET_TAGS = (); }; };
		AFA2EC021BB2A99B00450835 /* UIAttachmentBehaviorViewController.m in Sources */ = {isa = PBXBuildFile; fileRef = AFA2EC011BB2A99B00450835 /* UIAttachmentBehaviorViewController.m */; settings = {ASSET_TAGS = (); }; };
/* End PBXBuildFile section */

/* Begin PBXContainerItemProxy section */
		AFA2EBC01BB2964100450835 /* PBXContainerItemProxy */ = {
			isa = PBXContainerItemProxy;
			containerPortal = AFA2EB9E1BB2964100450835 /* Project object */;
			proxyType = 1;
			remoteGlobalIDString = AFA2EBA51BB2964100450835;
			remoteInfo = "UIKit Dynamics";
		};
		AFA2EBCB1BB2964100450835 /* PBXContainerItemProxy */ = {
			isa = PBXContainerItemProxy;
			containerPortal = AFA2EB9E1BB2964100450835 /* Project object */;
			proxyType = 1;
			remoteGlobalIDString = AFA2EBA51BB2964100450835;
			remoteInfo = "UIKit Dynamics";
		};
/* End PBXContainerItemProxy section */

/* Begin PBXFileReference section */
		AF184EEB1BD2B134001F0694 /* UICollectionViewDynamicLayout.h */ = {isa = PBXFileReference; fileEncoding = 4; lastKnownFileType = sourcecode.c.h; name = UICollectionViewDynamicLayout.h; path = UIDynamicBehavior/UICollectionViewDynamicLayout.h; sourceTree = "<group>"; };
		AF184EEC1BD2B134001F0694 /* UICollectionViewDynamicLayout.m */ = {isa = PBXFileReference; fileEncoding = 4; lastKnownFileType = sourcecode.c.objc; name = UICollectionViewDynamicLayout.m; path = UIDynamicBehavior/UICollectionViewDynamicLayout.m; sourceTree = "<group>"; };
		AF4D49091BBA559D0083B428 /* UISnapBehaviorViewController.h */ = {isa = PBXFileReference; fileEncoding = 4; lastKnownFileType = sourcecode.c.h; name = UISnapBehaviorViewController.h; path = UIDynamicBehavior/UISnapBehaviorViewController.h; sourceTree = "<group>"; };
		AF4D490A1BBA559D0083B428 /* UISnapBehaviorViewController.m */ = {isa = PBXFileReference; fileEncoding = 4; lastKnownFileType = sourcecode.c.objc; name = UISnapBehaviorViewController.m; path = UIDynamicBehavior/UISnapBehaviorViewController.m; sourceTree = "<group>"; };
		AF4D490C1BBA5F400083B428 /* UIPushBehaviorViewController.h */ = {isa = PBXFileReference; fileEncoding = 4; lastKnownFileType = sourcecode.c.h; name = UIPushBehaviorViewController.h; path = UIDynamicBehavior/UIPushBehaviorViewController.h; sourceTree = "<group>"; };
		AF4D490D1BBA5F400083B428 /* UIPushBehaviorViewController.m */ = {isa = PBXFileReference; fileEncoding = 4; lastKnownFileType = sourcecode.c.objc; name = UIPushBehaviorViewController.m; path = UIDynamicBehavior/UIPushBehaviorViewController.m; sourceTree = "<group>"; };
		AF4D490F1BBA65030083B428 /* UIDynamicItemBehaviorViewController.h */ = {isa = PBXFileReference; fileEncoding = 4; lastKnownFileType = sourcecode.c.h; name = UIDynamicItemBehaviorViewController.h; path = UIDynamicBehavior/UIDynamicItemBehaviorViewController.h; sourceTree = "<group>"; };
		AF4D49101BBA65030083B428 /* UIDynamicItemBehaviorViewController.m */ = {isa = PBXFileReference; fileEncoding = 4; lastKnownFileType = sourcecode.c.objc; name = UIDynamicItemBehaviorViewController.m; path = UIDynamicBehavior/UIDynamicItemBehaviorViewController.m; sourceTree = "<group>"; };
		AF4D49121BBA91A30083B428 /* UIPendulumViewController.h */ = {isa = PBXFileReference; fileEncoding = 4; lastKnownFileType = sourcecode.c.h; name = UIPendulumViewController.h; path = UIDynamicBehavior/UIPendulumViewController.h; sourceTree = "<group>"; };
		AF4D49131BBA91A30083B428 /* UIPendulumViewController.m */ = {isa = PBXFileReference; fileEncoding = 4; lastKnownFileType = sourcecode.c.objc; name = UIPendulumViewController.m; path = UIDynamicBehavior/UIPendulumViewController.m; sourceTree = "<group>"; };
		AF4D49181BBB99750083B428 /* UIPhotoWallViewController.h */ = {isa = PBXFileReference; fileEncoding = 4; lastKnownFileType = sourcecode.c.h; name = UIPhotoWallViewController.h; path = UIDynamicBehavior/UIPhotoWallViewController.h; sourceTree = "<group>"; };
		AF4D49191BBB99750083B428 /* UIPhotoWallViewController.m */ = {isa = PBXFileReference; fileEncoding = 4; lastKnownFileType = sourcecode.c.objc; name = UIPhotoWallViewController.m; path = UIDynamicBehavior/UIPhotoWallViewController.m; sourceTree = "<group>"; };
		AF4D491B1BBB9B060083B428 /* UITransformViewController.h */ = {isa = PBXFileReference; fileEncoding = 4; lastKnownFileType = sourcecode.c.h; name = UITransformViewController.h; path = UIDynamicBehavior/UITransformViewController.h; sourceTree = "<group>"; };
		AF4D491C1BBB9B060083B428 /* UITransformViewController.m */ = {isa = PBXFileReference; fileEncoding = 4; lastKnownFileType = sourcecode.c.objc; name = UITransformViewController.m; path = UIDynamicBehavior/UITransformViewController.m; sourceTree = "<group>"; };
		AF4D491E1BBB9B1E0083B428 /* UIAlertViewController.h */ = {isa = PBXFileReference; fileEncoding = 4; lastKnownFileType = sourcecode.c.h; name = UIAlertViewController.h; path = UIDynamicBehavior/UIAlertViewController.h; sourceTree = "<group>"; };
		AF4D491F1BBB9B1E0083B428 /* UIAlertViewController.m */ = {isa = PBXFileReference; fileEncoding = 4; lastKnownFileType = sourcecode.c.objc; name = UIAlertViewController.m; path = UIDynamicBehavior/UIAlertViewController.m; sourceTree = "<group>"; };
		AFA2EBA61BB2964100450835 /* UIKit Dynamics.app */ = {isa = PBXFileReference; explicitFileType = wrapper.application; includeInIndex = 0; path = "UIKit Dynamics.app"; sourceTree = BUILT_PRODUCTS_DIR; };
		AFA2EBAA1BB2964100450835 /* main.m */ = {isa = PBXFileReference; lastKnownFileType = sourcecode.c.objc; path = main.m; sourceTree = "<group>"; };
		AFA2EBAC1BB2964100450835 /* AppDelegate.h */ = {isa = PBXFileReference; lastKnownFileType = sourcecode.c.h; path = AppDelegate.h; sourceTree = "<group>"; };
		AFA2EBAD1BB2964100450835 /* AppDelegate.m */ = {isa = PBXFileReference; lastKnownFileType = sourcecode.c.objc; path = AppDelegate.m; sourceTree = "<group>"; };
		AFA2EBAF1BB2964100450835 /* ViewController.h */ = {isa = PBXFileReference; lastKnownFileType = sourcecode.c.h; path = ViewController.h; sourceTree = "<group>"; };
		AFA2EBB01BB2964100450835 /* ViewController.m */ = {isa = PBXFileReference; lastKnownFileType = sourcecode.c.objc; path = ViewController.m; sourceTree = "<group>"; };
		AFA2EBB51BB2964100450835 /* Assets.xcassets */ = {isa = PBXFileReference; lastKnownFileType = folder.assetcatalog; path = Assets.xcassets; sourceTree = "<group>"; };
		AFA2EBBA1BB2964100450835 /* Info.plist */ = {isa = PBXFileReference; lastKnownFileType = text.plist.xml; path = Info.plist; sourceTree = "<group>"; };
		AFA2EBBF1BB2964100450835 /* UIKit DynamicsTests.xctest */ = {isa = PBXFileReference; explicitFileType = wrapper.cfbundle; includeInIndex = 0; path = "UIKit DynamicsTests.xctest"; sourceTree = BUILT_PRODUCTS_DIR; };
		AFA2EBC31BB2964100450835 /* UIKit_DynamicsTests.m */ = {isa = PBXFileReference; lastKnownFileType = sourcecode.c.objc; path = UIKit_DynamicsTests.m; sourceTree = "<group>"; };
		AFA2EBC51BB2964100450835 /* Info.plist */ = {isa = PBXFileReference; lastKnownFileType = text.plist.xml; path = Info.plist; sourceTree = "<group>"; };
		AFA2EBCA1BB2964100450835 /* UIKit DynamicsUITests.xctest */ = {isa = PBXFileReference; explicitFileType = wrapper.cfbundle; includeInIndex = 0; path = "UIKit DynamicsUITests.xctest"; sourceTree = BUILT_PRODUCTS_DIR; };
		AFA2EBCE1BB2964100450835 /* UIKit_DynamicsUITests.m */ = {isa = PBXFileReference; lastKnownFileType = sourcecode.c.objc; path = UIKit_DynamicsUITests.m; sourceTree = "<group>"; };
		AFA2EBD01BB2964100450835 /* Info.plist */ = {isa = PBXFileReference; lastKnownFileType = text.plist.xml; path = Info.plist; sourceTree = "<group>"; };
		AFA2EBDD1BB29B0B00450835 /* UIGravityBehaviorViewController.h */ = {isa = PBXFileReference; fileEncoding = 4; lastKnownFileType = sourcecode.c.h; name = UIGravityBehaviorViewController.h; path = UIDynamicBehavior/UIGravityBehaviorViewController.h; sourceTree = "<group>"; };
		AFA2EBDE1BB29B0B00450835 /* UIGravityBehaviorViewController.m */ = {isa = PBXFileReference; fileEncoding = 4; lastKnownFileType = sourcecode.c.objc; name = UIGravityBehaviorViewController.m; path = UIDynamicBehavior/UIGravityBehaviorViewController.m; sourceTree = "<group>"; };
		AFA2EBFD1BB2A0E700450835 /* UICollisionBehaviorViewController.h */ = {isa = PBXFileReference; fileEncoding = 4; lastKnownFileType = sourcecode.c.h; name = UICollisionBehaviorViewController.h; path = UIDynamicBehavior/UICollisionBehaviorViewController.h; sourceTree = "<group>"; };
		AFA2EBFE1BB2A0E700450835 /* UICollisionBehaviorViewController.m */ = {isa = PBXFileReference; fileEncoding = 4; lastKnownFileType = sourcecode.c.objc; name = UICollisionBehaviorViewController.m; path = UIDynamicBehavior/UICollisionBehaviorViewController.m; sourceTree = "<group>"; };
		AFA2EC001BB2A99B00450835 /* UIAttachmentBehaviorViewController.h */ = {isa = PBXFileReference; fileEncoding = 4; lastKnownFileType = sourcecode.c.h; name = UIAttachmentBehaviorViewController.h; path = UIDynamicBehavior/UIAttachmentBehaviorViewController.h; sourceTree = "<group>"; };
		AFA2EC011BB2A99B00450835 /* UIAttachmentBehaviorViewController.m */ = {isa = PBXFileReference; fileEncoding = 4; lastKnownFileType = sourcecode.c.objc; name = UIAttachmentBehaviorViewController.m; path = UIDynamicBehavior/UIAttachmentBehaviorViewController.m; sourceTree = "<group>"; };
/* End PBXFileReference section */

/* Begin PBXFrameworksBuildPhase section */
		AFA2EBA31BB2964100450835 /* Frameworks */ = {
			isa = PBXFrameworksBuildPhase;
			buildActionMask = 2147483647;
			files = (
			);
			runOnlyForDeploymentPostprocessing = 0;
		};
		AFA2EBBC1BB2964100450835 /* Frameworks */ = {
			isa = PBXFrameworksBuildPhase;
			buildActionMask = 2147483647;
			files = (
			);
			runOnlyForDeploymentPostprocessing = 0;
		};
		AFA2EBC71BB2964100450835 /* Frameworks */ = {
			isa = PBXFrameworksBuildPhase;
			buildActionMask = 2147483647;
			files = (
			);
			runOnlyForDeploymentPostprocessing = 0;
		};
/* End PBXFrameworksBuildPhase section */

/* Begin PBXGroup section */
		AFA2EB9D1BB2964100450835 = {
			isa = PBXGroup;
			children = (
				AFA2EBA81BB2964100450835 /* UIKit Dynamics */,
				AFA2EBC21BB2964100450835 /* UIKit DynamicsTests */,
				AFA2EBCD1BB2964100450835 /* UIKit DynamicsUITests */,
				AFA2EBA71BB2964100450835 /* Products */,
			);
			sourceTree = "<group>";
		};
		AFA2EBA71BB2964100450835 /* Products */ = {
			isa = PBXGroup;
			children = (
				AFA2EBA61BB2964100450835 /* UIKit Dynamics.app */,
				AFA2EBBF1BB2964100450835 /* UIKit DynamicsTests.xctest */,
				AFA2EBCA1BB2964100450835 /* UIKit DynamicsUITests.xctest */,
			);
			name = Products;
			sourceTree = "<group>";
		};
		AFA2EBA81BB2964100450835 /* UIKit Dynamics */ = {
			isa = PBXGroup;
			children = (
				AFA2EBDC1BB29AA800450835 /* UIDynamicBehavior */,
				AFA2EBAC1BB2964100450835 /* AppDelegate.h */,
				AFA2EBAD1BB2964100450835 /* AppDelegate.m */,
				AFA2EBAF1BB2964100450835 /* ViewController.h */,
				AFA2EBB01BB2964100450835 /* ViewController.m */,
				AFA2EBB51BB2964100450835 /* Assets.xcassets */,
				AFA2EBBA1BB2964100450835 /* Info.plist */,
				AFA2EBA91BB2964100450835 /* Supporting Files */,
			);
			path = "UIKit Dynamics";
			sourceTree = "<group>";
		};
		AFA2EBA91BB2964100450835 /* Supporting Files */ = {
			isa = PBXGroup;
			children = (
				AFA2EBAA1BB2964100450835 /* main.m */,
			);
			name = "Supporting Files";
			sourceTree = "<group>";
		};
		AFA2EBC21BB2964100450835 /* UIKit DynamicsTests */ = {
			isa = PBXGroup;
			children = (
				AFA2EBC31BB2964100450835 /* UIKit_DynamicsTests.m */,
				AFA2EBC51BB2964100450835 /* Info.plist */,
			);
			path = "UIKit DynamicsTests";
			sourceTree = "<group>";
		};
		AFA2EBCD1BB2964100450835 /* UIKit DynamicsUITests */ = {
			isa = PBXGroup;
			children = (
				AFA2EBCE1BB2964100450835 /* UIKit_DynamicsUITests.m */,
				AFA2EBD01BB2964100450835 /* Info.plist */,
			);
			path = "UIKit DynamicsUITests";
			sourceTree = "<group>";
		};
		AFA2EBDC1BB29AA800450835 /* UIDynamicBehavior */ = {
			isa = PBXGroup;
			children = (
				AF184EEB1BD2B134001F0694 /* UICollectionViewDynamicLayout.h */,
				AF184EEC1BD2B134001F0694 /* UICollectionViewDynamicLayout.m */,
				AFA2EBDD1BB29B0B00450835 /* UIGravityBehaviorViewController.h */,
				AFA2EBDE1BB29B0B00450835 /* UIGravityBehaviorViewController.m */,
				AFA2EBFD1BB2A0E700450835 /* UICollisionBehaviorViewController.h */,
				AFA2EBFE1BB2A0E700450835 /* UICollisionBehaviorViewController.m */,
				AFA2EC001BB2A99B00450835 /* UIAttachmentBehaviorViewController.h */,
				AFA2EC011BB2A99B00450835 /* UIAttachmentBehaviorViewController.m */,
				AF4D49091BBA559D0083B428 /* UISnapBehaviorViewController.h */,
				AF4D490A1BBA559D0083B428 /* UISnapBehaviorViewController.m */,
				AF4D490C1BBA5F400083B428 /* UIPushBehaviorViewController.h */,
				AF4D490D1BBA5F400083B428 /* UIPushBehaviorViewController.m */,
				AF4D490F1BBA65030083B428 /* UIDynamicItemBehaviorViewController.h */,
				AF4D49101BBA65030083B428 /* UIDynamicItemBehaviorViewController.m */,
				AF4D49121BBA91A30083B428 /* UIPendulumViewController.h */,
				AF4D49131BBA91A30083B428 /* UIPendulumViewController.m */,
				AF4D49181BBB99750083B428 /* UIPhotoWallViewController.h */,
				AF4D49191BBB99750083B428 /* UIPhotoWallViewController.m */,
				AF4D491B1BBB9B060083B428 /* UITransformViewController.h */,
				AF4D491C1BBB9B060083B428 /* UITransformViewController.m */,
				AF4D491E1BBB9B1E0083B428 /* UIAlertViewController.h */,
				AF4D491F1BBB9B1E0083B428 /* UIAlertViewController.m */,
			);
			name = UIDynamicBehavior;
			sourceTree = "<group>";
		};
/* End PBXGroup section */

/* Begin PBXNativeTarget section */
		AFA2EBA51BB2964100450835 /* UIKit Dynamics */ = {
			isa = PBXNativeTarget;
			buildConfigurationList = AFA2EBD31BB2964100450835 /* Build configuration list for PBXNativeTarget "UIKit Dynamics" */;
			buildPhases = (
				AFA2EBA21BB2964100450835 /* Sources */,
				AFA2EBA31BB2964100450835 /* Frameworks */,
				AFA2EBA41BB2964100450835 /* Resources */,
			);
			buildRules = (
			);
			dependencies = (
			);
			name = "UIKit Dynamics";
			productName = "UIKit Dynamics";
			productReference = AFA2EBA61BB2964100450835 /* UIKit Dynamics.app */;
			productType = "com.apple.product-type.application";
		};
		AFA2EBBE1BB2964100450835 /* UIKit DynamicsTests */ = {
			isa = PBXNativeTarget;
			buildConfigurationList = AFA2EBD61BB2964100450835 /* Build configuration list for PBXNativeTarget "UIKit DynamicsTests" */;
			buildPhases = (
				AFA2EBBB1BB2964100450835 /* Sources */,
				AFA2EBBC1BB2964100450835 /* Frameworks */,
				AFA2EBBD1BB2964100450835 /* Resources */,
			);
			buildRules = (
			);
			dependencies = (
				AFA2EBC11BB2964100450835 /* PBXTargetDependency */,
			);
			name = "UIKit DynamicsTests";
			productName = "UIKit DynamicsTests";
			productReference = AFA2EBBF1BB2964100450835 /* UIKit DynamicsTests.xctest */;
			productType = "com.apple.product-type.bundle.unit-test";
		};
		AFA2EBC91BB2964100450835 /* UIKit DynamicsUITests */ = {
			isa = PBXNativeTarget;
			buildConfigurationList = AFA2EBD91BB2964100450835 /* Build configuration list for PBXNativeTarget "UIKit DynamicsUITests" */;
			buildPhases = (
				AFA2EBC61BB2964100450835 /* Sources */,
				AFA2EBC71BB2964100450835 /* Frameworks */,
				AFA2EBC81BB2964100450835 /* Resources */,
			);
			buildRules = (
			);
			dependencies = (
				AFA2EBCC1BB2964100450835 /* PBXTargetDependency */,
			);
			name = "UIKit DynamicsUITests";
			productName = "UIKit DynamicsUITests";
			productReference = AFA2EBCA1BB2964100450835 /* UIKit DynamicsUITests.xctest */;
			productType = "com.apple.product-type.bundle.ui-testing";
		};
/* End PBXNativeTarget section */

/* Begin PBXProject section */
		AFA2EB9E1BB2964100450835 /* Project object */ = {
			isa = PBXProject;
			attributes = {
				LastUpgradeCheck = 0700;
				ORGANIZATIONNAME = loopeer;
				TargetAttributes = {
					AFA2EBA51BB2964100450835 = {
						CreatedOnToolsVersion = 7.0;
						DevelopmentTeam = VS86A5N9W7;
					};
					AFA2EBBE1BB2964100450835 = {
						CreatedOnToolsVersion = 7.0;
						TestTargetID = AFA2EBA51BB2964100450835;
					};
					AFA2EBC91BB2964100450835 = {
						CreatedOnToolsVersion = 7.0;
						TestTargetID = AFA2EBA51BB2964100450835;
					};
				};
			};
			buildConfigurationList = AFA2EBA11BB2964100450835 /* Build configuration list for PBXProject "UIKit Dynamics" */;
			compatibilityVersion = "Xcode 3.2";
			developmentRegion = English;
			hasScannedForEncodings = 0;
			knownRegions = (
				en,
				Base,
			);
			mainGroup = AFA2EB9D1BB2964100450835;
			productRefGroup = AFA2EBA71BB2964100450835 /* Products */;
			projectDirPath = "";
			projectRoot = "";
			targets = (
				AFA2EBA51BB2964100450835 /* UIKit Dynamics */,
				AFA2EBBE1BB2964100450835 /* UIKit DynamicsTests */,
				AFA2EBC91BB2964100450835 /* UIKit DynamicsUITests */,
			);
		};
/* End PBXProject section */

/* Begin PBXResourcesBuildPhase section */
		AFA2EBA41BB2964100450835 /* Resources */ = {
			isa = PBXResourcesBuildPhase;
			buildActionMask = 2147483647;
			files = (
				AFA2EBB61BB2964100450835 /* Assets.xcassets in Resources */,
			);
			runOnlyForDeploymentPostprocessing = 0;
		};
		AFA2EBBD1BB2964100450835 /* Resources */ = {
			isa = PBXResourcesBuildPhase;
			buildActionMask = 2147483647;
			files = (
			);
			runOnlyForDeploymentPostprocessing = 0;
		};
		AFA2EBC81BB2964100450835 /* Resources */ = {
			isa = PBXResourcesBuildPhase;
			buildActionMask = 2147483647;
			files = (
			);
			runOnlyForDeploymentPostprocessing = 0;
		};
/* End PBXResourcesBuildPhase section */

/* Begin PBXSourcesBuildPhase section */
		AFA2EBA21BB2964100450835 /* Sources */ = {
			isa = PBXSourcesBuildPhase;
			buildActionMask = 2147483647;
			files = (
				AF4D491A1BBB99750083B428 /* UIPhotoWallViewController.m in Sources */,
				AF4D49111BBA65030083B428 /* UIDynamicItemBehaviorViewController.m in Sources */,
				AFA2EBB11BB2964100450835 /* ViewController.m in Sources */,
				AF4D49201BBB9B1E0083B428 /* UIAlertViewController.m in Sources */,
				AF4D491D1BBB9B060083B428 /* UITransformViewController.m in Sources */,
				AFA2EBDF1BB29B0B00450835 /* UIGravityBehaviorViewController.m in Sources */,
				AFA2EBAE1BB2964100450835 /* AppDelegate.m in Sources */,
				AF4D49141BBA91A30083B428 /* UIPendulumViewController.m in Sources */,
				AFA2EBFF1BB2A0E700450835 /* UICollisionBehaviorViewController.m in Sources */,
				AF4D490B1BBA559D0083B428 /* UISnapBehaviorViewController.m in Sources */,
				AF184EED1BD2B134001F0694 /* UICollectionViewDynamicLayout.m in Sources */,
				AFA2EBAB1BB2964100450835 /* main.m in Sources */,
				AF4D490E1BBA5F400083B428 /* UIPushBehaviorViewController.m in Sources */,
				AFA2EC021BB2A99B00450835 /* UIAttachmentBehaviorViewController.m in Sources */,
			);
			runOnlyForDeploymentPostprocessing = 0;
		};
		AFA2EBBB1BB2964100450835 /* Sources */ = {
			isa = PBXSourcesBuildPhase;
			buildActionMask = 2147483647;
			files = (
				AFA2EBC41BB2964100450835 /* UIKit_DynamicsTests.m in Sources */,
			);
			runOnlyForDeploymentPostprocessing = 0;
		};
		AFA2EBC61BB2964100450835 /* Sources */ = {
			isa = PBXSourcesBuildPhase;
			buildActionMask = 2147483647;
			files = (
				AFA2EBCF1BB2964100450835 /* UIKit_DynamicsUITests.m in Sources */,
			);
			runOnlyForDeploymentPostprocessing = 0;
		};
/* End PBXSourcesBuildPhase section */

/* Begin PBXTargetDependency section */
		AFA2EBC11BB2964100450835 /* PBXTargetDependency */ = {
			isa = PBXTargetDependency;
			target = AFA2EBA51BB2964100450835 /* UIKit Dynamics */;
			targetProxy = AFA2EBC01BB2964100450835 /* PBXContainerItemProxy */;
		};
		AFA2EBCC1BB2964100450835 /* PBXTargetDependency */ = {
			isa = PBXTargetDependency;
			target = AFA2EBA51BB2964100450835 /* UIKit Dynamics */;
			targetProxy = AFA2EBCB1BB2964100450835 /* PBXContainerItemProxy */;
		};
/* End PBXTargetDependency section */

/* Begin XCBuildConfiguration section */
		AFA2EBD11BB2964100450835 /* Debug */ = {
			isa = XCBuildConfiguration;
			buildSettings = {
				ALWAYS_SEARCH_USER_PATHS = NO;
				CLANG_CXX_LANGUAGE_STANDARD = "gnu++0x";
				CLANG_CXX_LIBRARY = "libc++";
				CLANG_ENABLE_MODULES = YES;
				CLANG_ENABLE_OBJC_ARC = YES;
				CLANG_WARN_BOOL_CONVERSION = YES;
				CLANG_WARN_CONSTANT_CONVERSION = YES;
				CLANG_WARN_DIRECT_OBJC_ISA_USAGE = YES_ERROR;
				CLANG_WARN_EMPTY_BODY = YES;
				CLANG_WARN_ENUM_CONVERSION = YES;
				CLANG_WARN_INT_CONVERSION = YES;
				CLANG_WARN_OBJC_ROOT_CLASS = YES_ERROR;
				CLANG_WARN_UNREACHABLE_CODE = YES;
				CLANG_WARN__DUPLICATE_METHOD_MATCH = YES;
				"CODE_SIGN_IDENTITY[sdk=iphoneos*]" = "iPhone Developer";
				COPY_PHASE_STRIP = NO;
				DEBUG_INFORMATION_FORMAT = dwarf;
				ENABLE_STRICT_OBJC_MSGSEND = YES;
				ENABLE_TESTABILITY = YES;
				GCC_C_LANGUAGE_STANDARD = gnu99;
				GCC_DYNAMIC_NO_PIC = NO;
				GCC_NO_COMMON_BLOCKS = YES;
				GCC_OPTIMIZATION_LEVEL = 0;
				GCC_PREPROCESSOR_DEFINITIONS = (
					"DEBUG=1",
					"$(inherited)",
				);
				GCC_WARN_64_TO_32_BIT_CONVERSION = YES;
				GCC_WARN_ABOUT_RETURN_TYPE = YES_ERROR;
				GCC_WARN_UNDECLARED_SELECTOR = YES;
				GCC_WARN_UNINITIALIZED_AUTOS = YES_AGGRESSIVE;
				GCC_WARN_UNUSED_FUNCTION = YES;
				GCC_WARN_UNUSED_VARIABLE = YES;
				IPHONEOS_DEPLOYMENT_TARGET = 9.0;
				MTL_ENABLE_DEBUG_INFO = YES;
				ONLY_ACTIVE_ARCH = YES;
				SDKROOT = iphoneos;
			};
			name = Debug;
		};
		AFA2EBD21BB2964100450835 /* Release */ = {
			isa = XCBuildConfiguration;
			buildSettings = {
				ALWAYS_SEARCH_USER_PATHS = NO;
				CLANG_CXX_LANGUAGE_STANDARD = "gnu++0x";
				CLANG_CXX_LIBRARY = "libc++";
				CLANG_ENABLE_MODULES = YES;
				CLANG_ENABLE_OBJC_ARC = YES;
				CLANG_WARN_BOOL_CONVERSION = YES;
				CLANG_WARN_CONSTANT_CONVERSION = YES;
				CLANG_WARN_DIRECT_OBJC_ISA_USAGE = YES_ERROR;
				CLANG_WARN_EMPTY_BODY = YES;
				CLANG_WARN_ENUM_CONVERSION = YES;
				CLANG_WARN_INT_CONVERSION = YES;
				CLANG_WARN_OBJC_ROOT_CLASS = YES_ERROR;
				CLANG_WARN_UNREACHABLE_CODE = YES;
				CLANG_WARN__DUPLICATE_METHOD_MATCH = YES;
				"CODE_SIGN_IDENTITY[sdk=iphoneos*]" = "iPhone Developer";
				COPY_PHASE_STRIP = NO;
				DEBUG_INFORMATION_FORMAT = "dwarf-with-dsym";
				ENABLE_NS_ASSERTIONS = NO;
				ENABLE_STRICT_OBJC_MSGSEND = YES;
				GCC_C_LANGUAGE_STANDARD = gnu99;
				GCC_NO_COMMON_BLOCKS = YES;
				GCC_WARN_64_TO_32_BIT_CONVERSION = YES;
				GCC_WARN_ABOUT_RETURN_TYPE = YES_ERROR;
				GCC_WARN_UNDECLARED_SELECTOR = YES;
				GCC_WARN_UNINITIALIZED_AUTOS = YES_AGGRESSIVE;
				GCC_WARN_UNUSED_FUNCTION = YES;
				GCC_WARN_UNUSED_VARIABLE = YES;
				IPHONEOS_DEPLOYMENT_TARGET = 9.0;
				MTL_ENABLE_DEBUG_INFO = NO;
				SDKROOT = iphoneos;
				VALIDATE_PRODUCT = YES;
			};
			name = Release;
		};
		AFA2EBD41BB2964100450835 /* Debug */ = {
			isa = XCBuildConfiguration;
			buildSettings = {
				ASSETCATALOG_COMPILER_APPICON_NAME = AppIcon;
				ASSETCATALOG_COMPILER_LAUNCHIMAGE_NAME = BrandAsset;
				CODE_SIGN_IDENTITY = "iPhone Developer";
				INFOPLIST_FILE = "UIKit Dynamics/Info.plist";
				LD_RUNPATH_SEARCH_PATHS = "$(inherited) @executable_path/Frameworks";
				PRODUCT_BUNDLE_IDENTIFIER = "com.loopeer.UIKit-Dynamics";
				PRODUCT_NAME = "$(TARGET_NAME)";
			};
			name = Debug;
		};
		AFA2EBD51BB2964100450835 /* Release */ = {
			isa = XCBuildConfiguration;
			buildSettings = {
				ASSETCATALOG_COMPILER_APPICON_NAME = AppIcon;
				ASSETCATALOG_COMPILER_LAUNCHIMAGE_NAME = BrandAsset;
				CODE_SIGN_IDENTITY = "iPhone Developer";
				INFOPLIST_FILE = "UIKit Dynamics/Info.plist";
				LD_RUNPATH_SEARCH_PATHS = "$(inherited) @executable_path/Frameworks";
				PRODUCT_BUNDLE_IDENTIFIER = "com.loopeer.UIKit-Dynamics";
				PRODUCT_NAME = "$(TARGET_NAME)";
			};
			name = Release;
		};
		AFA2EBD71BB2964100450835 /* Debug */ = {
			isa = XCBuildConfiguration;
			buildSettings = {
				BUNDLE_LOADER = "$(TEST_HOST)";
				INFOPLIST_FILE = "UIKit DynamicsTests/Info.plist";
				LD_RUNPATH_SEARCH_PATHS = "$(inherited) @executable_path/Frameworks @loader_path/Frameworks";
				PRODUCT_BUNDLE_IDENTIFIER = "com.loopeer.UIKit-DynamicsTests";
				PRODUCT_NAME = "$(TARGET_NAME)";
				TEST_HOST = "$(BUILT_PRODUCTS_DIR)/UIKit Dynamics.app/UIKit Dynamics";
			};
			name = Debug;
		};
		AFA2EBD81BB2964100450835 /* Release */ = {
			isa = XCBuildConfiguration;
			buildSettings = {
				BUNDLE_LOADER = "$(TEST_HOST)";
				INFOPLIST_FILE = "UIKit DynamicsTests/Info.plist";
				LD_RUNPATH_SEARCH_PATHS = "$(inherited) @executable_path/Frameworks @loader_path/Frameworks";
				PRODUCT_BUNDLE_IDENTIFIER = "com.loopeer.UIKit-DynamicsTests";
				PRODUCT_NAME = "$(TARGET_NAME)";
				TEST_HOST = "$(BUILT_PRODUCTS_DIR)/UIKit Dynamics.app/UIKit Dynamics";
			};
			name = Release;
		};
		AFA2EBDA1BB2964100450835 /* Debug */ = {
			isa = XCBuildConfiguration;
			buildSettings = {
				INFOPLIST_FILE = "UIKit DynamicsUITests/Info.plist";
				LD_RUNPATH_SEARCH_PATHS = "$(inherited) @executable_path/Frameworks @loader_path/Frameworks";
				PRODUCT_BUNDLE_IDENTIFIER = "com.loopeer.UIKit-DynamicsUITests";
				PRODUCT_NAME = "$(TARGET_NAME)";
				TEST_TARGET_NAME = "UIKit Dynamics";
				USES_XCTRUNNER = YES;
			};
			name = Debug;
		};
		AFA2EBDB1BB2964100450835 /* Release */ = {
			isa = XCBuildConfiguration;
			buildSettings = {
				INFOPLIST_FILE = "UIKit DynamicsUITests/Info.plist";
				LD_RUNPATH_SEARCH_PATHS = "$(inherited) @executable_path/Frameworks @loader_path/Frameworks";
				PRODUCT_BUNDLE_IDENTIFIER = "com.loopeer.UIKit-DynamicsUITests";
				PRODUCT_NAME = "$(TARGET_NAME)";
				TEST_TARGET_NAME = "UIKit Dynamics";
				USES_XCTRUNNER = YES;
			};
			name = Release;
		};
/* End XCBuildConfiguration section */

/* Begin XCConfigurationList section */
		AFA2EBA11BB2964100450835 /* Build configuration list for PBXProject "UIKit Dynamics" */ = {
			isa = XCConfigurationList;
			buildConfigurations = (
				AFA2EBD11BB2964100450835 /* Debug */,
				AFA2EBD21BB2964100450835 /* Release */,
			);
			defaultConfigurationIsVisible = 0;
			defaultConfigurationName = Release;
		};
		AFA2EBD31BB2964100450835 /* Build configuration list for PBXNativeTarget "UIKit Dynamics" */ = {
			isa = XCConfigurationList;
			buildConfigurations = (
				AFA2EBD41BB2964100450835 /* Debug */,
				AFA2EBD51BB2964100450835 /* Release */,
			);
			defaultConfigurationIsVisible = 0;
			defaultConfigurationName = Release;
		};
		AFA2EBD61BB2964100450835 /* Build configuration list for PBXNativeTarget "UIKit DynamicsTests" */ = {
			isa = XCConfigurationList;
			buildConfigurations = (
				AFA2EBD71BB2964100450835 /* Debug */,
				AFA2EBD81BB2964100450835 /* Release */,
			);
			defaultConfigurationIsVisible = 0;
			defaultConfigurationName = Release;
		};
		AFA2EBD91BB2964100450835 /* Build configuration list for PBXNativeTarget "UIKit DynamicsUITests" */ = {
			isa = XCConfigurationList;
			buildConfigurations = (
				AFA2EBDA1BB2964100450835 /* Debug */,
				AFA2EBDB1BB2964100450835 /* Release */,
			);
			defaultConfigurationIsVisible = 0;
			defaultConfigurationName = Release;
		};
/* End XCConfigurationList section */
	};
	rootObject = AFA2EB9E1BB2964100450835 /* Project object */;
}
